
Microsoft Visual Studio Solution File, Format Version 12.00
Project("{FAE04EC0-301F-11D3-BF4B-00C04F79EFBC}") = "EtlDslDemo", "EtlDslDemo\EtlDslDemo.csproj", "{61C8D515-CC63-43A4-886E-78D03D3CC6A9}"
EndProject
Global
	GlobalSection(SolutionConfigurationPlatforms) = preSolution
		Debug|Any CPU = Debug|Any CPU
		Release|Any CPU = Release|Any CPU
	EndGlobalSection
	GlobalSection(ProjectConfigurationPlatforms) = postSolution
		{61C8D515-CC63-43A4-886E-78D03D3CC6A9}.Debug|Any CPU.ActiveCfg = Debug|Any CPU
		{61C8D515-CC63-43A4-886E-78D03D3CC6A9}.Debug|Any CPU.Build.0 = Debug|Any CPU
		{61C8D515-CC63-43A4-886E-78D03D3CC6A9}.Release|Any CPU.ActiveCfg = Release|Any CPU
		{61C8D515-CC63-43A4-886E-78D03D3CC6A9}.Release|Any CPU.Build.0 = Release|Any CPU
	EndGlobalSection
EndGlobal
